
Microsoft Visual Studio Solution File, Format Version 12.00
# Visual Studio Version 16
VisualStudioVersion = 16.0.29609.76
MinimumVisualStudioVersion = 10.0.40219.1
Project("{FAE04EC0-301F-11D3-BF4B-00C04F79EFBC}") = "1. pjPromedioNotas", "1. pjPromedioNotas\1. pjPromedioNotas.csproj", "{F5685C8A-7678-426F-B3FD-4052C1081458}"
EndProject
Project("{FAE04EC0-301F-11D3-BF4B-00C04F79EFBC}") = "2. pjVenta", "2. pjVenta\2. pjVenta.csproj", "{FBF4C99B-9239-4C37-AC3F-0CD435F802B6}"
EndProject
Project("{FAE04EC0-301F-11D3-BF4B-00C04F79EFBC}") = "3. pjSueldoEmpleado", "3. pjSueldoEmpleado\3. pjSueldoEmpleado.csproj", "{8FF55360-EF67-42D5-B6E6-8548A5FFDDA4}"
EndProject
Project("{FAE04EC0-301F-11D3-BF4B-00C04F79EFBC}") = "4. pjControlFacturas", "4. pjControlFacturas\4. pjControlFacturas.csproj", "{1475B0FE-9A87-492C-A9B6-16730846C871}"
EndProject
Project("{FAE04EC0-301F-11D3-BF4B-00C04F79EFBC}") = "5. pjVentaHeredada", "5. pjVentaHeredada\5. pjVentaHeredada.csproj", "{3409BA19-3611-4B1D-A373-6B2FFABB6812}"
EndProject
Project("{FAE04EC0-301F-11D3-BF4B-00C04F79EFBC}") = "6. pjPolimorfismo", "6. pjPolimorfismo\6. pjPolimorfismo.csproj", "{F30D83D4-A8BE-4BC5-895B-8F4E5A0F0AFF}"
EndProject
Global
	GlobalSection(SolutionConfigurationPlatforms) = preSolution
		Debug|Any CPU = Debug|Any CPU
		Release|Any CPU = Release|Any CPU
	EndGlobalSection
	GlobalSection(ProjectConfigurationPlatforms) = postSolution
		{F5685C8A-7678-426F-B3FD-4052C1081458}.Debug|Any CPU.ActiveCfg = Debug|Any CPU
		{F5685C8A-7678-426F-B3FD-4052C1081458}.Debug|Any CPU.Build.0 = Debug|Any CPU
		{F5685C8A-7678-426F-B3FD-4052C1081458}.Release|Any CPU.ActiveCfg = Release|Any CPU
		{F5685C8A-7678-426F-B3FD-4052C1081458}.Release|Any CPU.Build.0 = Release|Any CPU
		{FBF4C99B-9239-4C37-AC3F-0CD435F802B6}.Debug|Any CPU.ActiveCfg = Debug|Any CPU
		{FBF4C99B-9239-4C37-AC3F-0CD435F802B6}.Debug|Any CPU.Build.0 = Debug|Any CPU
		{FBF4C99B-9239-4C37-AC3F-0CD435F802B6}.Release|Any CPU.ActiveCfg = Release|Any CPU
		{FBF4C99B-9239-4C37-AC3F-0CD435F802B6}.Release|Any CPU.Build.0 = Release|Any CPU
		{8FF55360-EF67-42D5-B6E6-8548A5FFDDA4}.Debug|Any CPU.ActiveCfg = Debug|Any CPU
		{8FF55360-EF67-42D5-B6E6-8548A5FFDDA4}.Debug|Any CPU.Build.0 = Debug|Any CPU
		{8FF55360-EF67-42D5-B6E6-8548A5FFDDA4}.Release|Any CPU.ActiveCfg = Release|Any CPU
		{8FF55360-EF67-42D5-B6E6-8548A5FFDDA4}.Release|Any CPU.Build.0 = Release|Any CPU
		{1475B0FE-9A87-492C-A9B6-16730846C871}.Debug|Any CPU.ActiveCfg = Debug|Any CPU
		{1475B0FE-9A87-492C-A9B6-16730846C871}.Debug|Any CPU.Build.0 = Debug|Any CPU
		{1475B0FE-9A87-492C-A9B6-16730846C871}.Release|Any CPU.ActiveCfg = Release|Any CPU
		{1475B0FE-9A87-492C-A9B6-16730846C871}.Release|Any CPU.Build.0 = Release|Any CPU
		{3409BA19-3611-4B1D-A373-6B2FFABB6812}.Debug|Any CPU.ActiveCfg = Debug|Any CPU
		{3409BA19-3611-4B1D-A373-6B2FFABB6812}.Debug|Any CPU.Build.0 = Debug|Any CPU
		{3409BA19-3611-4B1D-A373-6B2FFABB6812}.Release|Any CPU.ActiveCfg = Release|Any CPU
		{3409BA19-3611-4B1D-A373-6B2FFABB6812}.Release|Any CPU.Build.0 = Release|Any CPU
		{F30D83D4-A8BE-4BC5-895B-8F4E5A0F0AFF}.Debug|Any CPU.ActiveCfg = Debug|Any CPU
		{F30D83D4-A8BE-4BC5-895B-8F4E5A0F0AFF}.Debug|Any CPU.Build.0 = Debug|Any CPU
		{F30D83D4-A8BE-4BC5-895B-8F4E5A0F0AFF}.Release|Any CPU.ActiveCfg = Release|Any CPU
		{F30D83D4-A8BE-4BC5-895B-8F4E5A0F0AFF}.Release|Any CPU.Build.0 = Release|Any CPU
	EndGlobalSection
	GlobalSection(SolutionProperties) = preSolution
		HideSolutionNode = FALSE
	EndGlobalSection
	GlobalSection(ExtensibilityGlobals) = postSolution
		SolutionGuid = {E1559CFC-F181-4D6F-96BC-6F0572775573}
	EndGlobalSection
EndGlobal
